
Microsoft Visual Studio Solution File, Format Version 12.00
# Visual Studio Version 18
VisualStudioVersion = 18.0.11205.157
MinimumVisualStudioVersion = 10.0.40219.1
Project("{FAE04EC0-301F-11D3-BF4B-00C04F79EFBC}") = "OrderProcessor", "OrderProcessor\OrderProcessor.csproj", "{504DEEEF-56CF-456F-A3F5-806CFD0ABF85}"
EndProject
Project("{FAE04EC0-301F-11D3-BF4B-00C04F79EFBC}") = "OrderProcessorTests", "OrderProcessorTests\OrderProcessorTests.csproj", "{0633EB97-04D5-4BB7-B8D9-E8B90CE0081E}"
EndProject
Project("{FAE04EC0-301F-11D3-BF4B-00C04F79EFBC}") = "OrderProcessor.Service", "OrderProcessor.Service\OrderProcessor.Service.csproj", "{BD0A5D5D-2282-400A-99DF-1F35AFF35EDB}"
EndProject
Project("{2150E333-8FDC-42A3-9474-1A3956D46DE8}") = "Solution Items", "Solution Items", "{B81D8B4C-0832-4880-9325-C3966EFDEC7E}"
	ProjectSection(SolutionItems) = preProject
		.gitignore = .gitignore
		.github\workflows\ci.yml = .github\workflows\ci.yml
		Dockerfile = Dockerfile
	EndProjectSection
EndProject
Global
	GlobalSection(SolutionConfigurationPlatforms) = preSolution
		Debug|Any CPU = Debug|Any CPU
		Release|Any CPU = Release|Any CPU
	EndGlobalSection
	GlobalSection(ProjectConfigurationPlatforms) = postSolution
		{504DEEEF-56CF-456F-A3F5-806CFD0ABF85}.Debug|Any CPU.ActiveCfg = Debug|Any CPU
		{504DEEEF-56CF-456F-A3F5-806CFD0ABF85}.Debug|Any CPU.Build.0 = Debug|Any CPU
		{504DEEEF-56CF-456F-A3F5-806CFD0ABF85}.Release|Any CPU.ActiveCfg = Release|Any CPU
		{504DEEEF-56CF-456F-A3F5-806CFD0ABF85}.Release|Any CPU.Build.0 = Release|Any CPU
		{0633EB97-04D5-4BB7-B8D9-E8B90CE0081E}.Debug|Any CPU.ActiveCfg = Debug|Any CPU
		{0633EB97-04D5-4BB7-B8D9-E8B90CE0081E}.Debug|Any CPU.Build.0 = Debug|Any CPU
		{0633EB97-04D5-4BB7-B8D9-E8B90CE0081E}.Release|Any CPU.ActiveCfg = Release|Any CPU
		{0633EB97-04D5-4BB7-B8D9-E8B90CE0081E}.Release|Any CPU.Build.0 = Release|Any CPU
		{BD0A5D5D-2282-400A-99DF-1F35AFF35EDB}.Debug|Any CPU.ActiveCfg = Debug|Any CPU
		{BD0A5D5D-2282-400A-99DF-1F35AFF35EDB}.Debug|Any CPU.Build.0 = Debug|Any CPU
		{BD0A5D5D-2282-400A-99DF-1F35AFF35EDB}.Release|Any CPU.ActiveCfg = Release|Any CPU
		{BD0A5D5D-2282-400A-99DF-1F35AFF35EDB}.Release|Any CPU.Build.0 = Release|Any CPU
	EndGlobalSection
	GlobalSection(SolutionProperties) = preSolution
		HideSolutionNode = FALSE
	EndGlobalSection
	GlobalSection(ExtensibilityGlobals) = postSolution
		SolutionGuid = {6BFCFC68-17A7-469C-9982-AD4549582EEE}
	EndGlobalSection
EndGlobal
